
Microsoft Visual Studio Solution File, Format Version 12.00
# Visual Studio 15
VisualStudioVersion = 15.0.26228.12
MinimumVisualStudioVersion = 10.0.40219.1
Project("{FAE04EC0-301F-11D3-BF4B-00C04F79EFBC}") = "web", "web\web.csproj", "{B0CB2C3D-27EC-4A2B-BEBD-BEEC8195FF6A}"
EndProject
Project("{FAE04EC0-301F-11D3-BF4B-00C04F79EFBC}") = "web.Tests", "web.Tests\web.Tests.csproj", "{DA23A972-1AAE-49CB-A887-14EF6FD13339}"
EndProject
Global
	GlobalSection(SolutionConfigurationPlatforms) = preSolution
		Debug|Any CPU = Debug|Any CPU
		Release|Any CPU = Release|Any CPU
	EndGlobalSection
	GlobalSection(ProjectConfigurationPlatforms) = postSolution
		{B0CB2C3D-27EC-4A2B-BEBD-BEEC8195FF6A}.Debug|Any CPU.ActiveCfg = Debug|Any CPU
		{B0CB2C3D-27EC-4A2B-BEBD-BEEC8195FF6A}.Debug|Any CPU.Build.0 = Debug|Any CPU
		{B0CB2C3D-27EC-4A2B-BEBD-BEEC8195FF6A}.Release|Any CPU.ActiveCfg = Release|Any CPU
		{B0CB2C3D-27EC-4A2B-BEBD-BEEC8195FF6A}.Release|Any CPU.Build.0 = Release|Any CPU
		{DA23A972-1AAE-49CB-A887-14EF6FD13339}.Debug|Any CPU.ActiveCfg = Debug|Any CPU
		{DA23A972-1AAE-49CB-A887-14EF6FD13339}.Debug|Any CPU.Build.0 = Debug|Any CPU
		{DA23A972-1AAE-49CB-A887-14EF6FD13339}.Release|Any CPU.ActiveCfg = Release|Any CPU
		{DA23A972-1AAE-49CB-A887-14EF6FD13339}.Release|Any CPU.Build.0 = Release|Any CPU
	EndGlobalSection
	GlobalSection(SolutionProperties) = preSolution
		HideSolutionNode = FALSE
	EndGlobalSection
EndGlobal
